// !$*UTF8*$!
{
	archiveVersion = 1;
	classes = {
	};
	objectVersion = 50;
	objects = {

/* Begin PBXBuildFile section */
		38EBCECE2111129B0003F56F /* AppDelegate.swift in Sources */ = {isa = PBXBuildFile; fileRef = 38EBCECD2111129B0003F56F /* AppDelegate.swift */; };
		38EBCED02111129B0003F56F /* ViewController.swift in Sources */ = {isa = PBXBuildFile; fileRef = 38EBCECF2111129B0003F56F /* ViewController.swift */; };
		38EBCED32111129B0003F56F /* Main.storyboard in Resources */ = {isa = PBXBuildFile; fileRef = 38EBCED12111129B0003F56F /* Main.storyboard */; };
		38EBCED52111129F0003F56F /* Assets.xcassets in Resources */ = {isa = PBXBuildFile; fileRef = 38EBCED42111129F0003F56F /* Assets.xcassets */; };
		38EBCED82111129F0003F56F /* LaunchScreen.storyboard in Resources */ = {isa = PBXBuildFile; fileRef = 38EBCED62111129F0003F56F /* LaunchScreen.storyboard */; };
		38EBCEE32111129F0003F56F /* SpringAndStrutsTests.swift in Sources */ = {isa = PBXBuildFile; fileRef = 38EBCEE22111129F0003F56F /* SpringAndStrutsTests.swift */; };
/* End PBXBuildFile section */

/* Begin PBXContainerItemProxy section */
		38EBCEDF2111129F0003F56F /* PBXContainerItemProxy */ = {
			isa = PBXContainerItemProxy;
			containerPortal = 38EBCEC22111129B0003F56F /* Project object */;
			proxyType = 1;
			remoteGlobalIDString = 38EBCEC92111129B0003F56F;
			remoteInfo = SpringAndStruts;
		};
/* End PBXContainerItemProxy section */

/* Begin PBXFileReference section */
		38EBCECA2111129B0003F56F /* SpringAndStruts.app */ = {isa = PBXFileReference; explicitFileType = wrapper.application; includeInIndex = 0; path = SpringAndStruts.app; sourceTree = BUILT_PRODUCTS_DIR; };
		38EBCECD2111129B0003F56F /* AppDelegate.swift */ = {isa = PBXFileReference; lastKnownFileType = sourcecode.swift; path = AppDelegate.swift; sourceTree = "<group>"; };
		38EBCECF2111129B0003F56F /* ViewController.swift */ = {isa = PBXFileReference; lastKnownFileType = sourcecode.swift; path = ViewController.swift; sourceTree = "<group>"; };
		38EBCED22111129B0003F56F /* Base */ = {isa = PBXFileReference; lastKnownFileType = file.storyboard; name = Base; path = Base.lproj/Main.storyboard; sourceTree = "<group>"; };
		38EBCED42111129F0003F56F /* Assets.xcassets */ = {isa = PBXFileReference; lastKnownFileType = folder.assetcatalog; path = Assets.xcassets; sourceTree = "<group>"; };
		38EBCED72111129F0003F56F /* Base */ = {isa = PBXFileReference; lastKnownFileType = file.storyboard; name = Base; path = Base.lproj/LaunchScreen.storyboard; sourceTree = "<group>"; };
		38EBCED92111129F0003F56F /* Info.plist */ = {isa = PBXFileReference; lastKnownFileType = text.plist.xml; path = Info.plist; sourceTree = "<group>"; };
		38EBCEDE2111129F0003F56F /* SpringAndStrutsTests.xctest */ = {isa = PBXFileReference; explicitFileType = wrapper.cfbundle; includeInIndex = 0; path = SpringAndStrutsTests.xctest; sourceTree = BUILT_PRODUCTS_DIR; };
		38EBCEE22111129F0003F56F /* SpringAndStrutsTests.swift */ = {isa = PBXFileReference; lastKnownFileType = sourcecode.swift; path = SpringAndStrutsTests.swift; sourceTree = "<group>"; };
		38EBCEE42111129F0003F56F /* Info.plist */ = {isa = PBXFileReference; lastKnownFileType = text.plist.xml; path = Info.plist; sourceTree = "<group>"; };
/* End PBXFileReference section */

/* Begin PBXFrameworksBuildPhase section */
		38EBCEC72111129B0003F56F /* Frameworks */ = {
			isa = PBXFrameworksBuildPhase;
			buildActionMask = 2147483647;
			files = (
			);
			runOnlyForDeploymentPostprocessing = 0;
		};
		38EBCEDB2111129F0003F56F /* Frameworks */ = {
			isa = PBXFrameworksBuildPhase;
			buildActionMask = 2147483647;
			files = (
			);
			runOnlyForDeploymentPostprocessing = 0;
		};
/* End PBXFrameworksBuildPhase section */

/* Begin PBXGroup section */
		38EBCEC12111129B0003F56F = {
			isa = PBXGroup;
			children = (
				38EBCECC2111129B0003F56F /* SpringAndStruts */,
				38EBCEE12111129F0003F56F /* SpringAndStrutsTests */,
				38EBCECB2111129B0003F56F /* Products */,
			);
			sourceTree = "<group>";
		};
		38EBCECB2111129B0003F56F /* Products */ = {
			isa = PBXGroup;
			children = (
				38EBCECA2111129B0003F56F /* SpringAndStruts.app */,
				38EBCEDE2111129F0003F56F /* SpringAndStrutsTests.xctest */,
			);
			name = Products;
			sourceTree = "<group>";
		};
		38EBCECC2111129B0003F56F /* SpringAndStruts */ = {
			isa = PBXGroup;
			children = (
				38EBCECD2111129B0003F56F /* AppDelegate.swift */,
				38EBCECF2111129B0003F56F /* ViewController.swift */,
				38EBCED12111129B0003F56F /* Main.storyboard */,
				38EBCED42111129F0003F56F /* Assets.xcassets */,
				38EBCED62111129F0003F56F /* LaunchScreen.storyboard */,
				38EBCED92111129F0003F56F /* Info.plist */,
			);
			path = SpringAndStruts;
			sourceTree = "<group>";
		};
		38EBCEE12111129F0003F56F /* SpringAndStrutsTests */ = {
			isa = PBXGroup;
			children = (
				38EBCEE22111129F0003F56F /* SpringAndStrutsTests.swift */,
				38EBCEE42111129F0003F56F /* Info.plist */,
			);
			path = SpringAndStrutsTests;
			sourceTree = "<group>";
		};
/* End PBXGroup section */

/* Begin PBXNativeTarget section */
		38EBCEC92111129B0003F56F /* SpringAndStruts */ = {
			isa = PBXNativeTarget;
			buildConfigurationList = 38EBCEE72111129F0003F56F /* Build configuration list for PBXNativeTarget "SpringAndStruts" */;
			buildPhases = (
				38EBCEC62111129B0003F56F /* Sources */,
				38EBCEC72111129B0003F56F /* Frameworks */,
				38EBCEC82111129B0003F56F /* Resources */,
			);
			buildRules = (
			);
			dependencies = (
			);
			name = SpringAndStruts;
			productName = SpringAndStruts;
			productReference = 38EBCECA2111129B0003F56F /* SpringAndStruts.app */;
			productType = "com.apple.product-type.application";
		};
		38EBCEDD2111129F0003F56F /* SpringAndStrutsTests */ = {
			isa = PBXNativeTarget;
			buildConfigurationList = 38EBCEEA2111129F0003F56F /* Build configuration list for PBXNativeTarget "SpringAndStrutsTests" */;
			buildPhases = (
				38EBCEDA2111129F0003F56F /* Sources */,
				38EBCEDB2111129F0003F56F /* Frameworks */,
				38EBCEDC2111129F0003F56F /* Resources */,
			);
			buildRules = (
			);
			dependencies = (
				38EBCEE02111129F0003F56F /* PBXTargetDependency */,
			);
			name = SpringAndStrutsTests;
			productName = SpringAndStrutsTests;
			productReference = 38EBCEDE2111129F0003F56F /* SpringAndStrutsTests.xctest */;
			productType = "com.apple.product-type.bundle.unit-test";
		};
/* End PBXNativeTarget section */

/* Begin PBXProject section */
		38EBCEC22111129B0003F56F /* Project object */ = {
			isa = PBXProject;
			attributes = {
				LastSwiftUpdateCheck = 0940;
				LastUpgradeCheck = 0940;
				ORGANIZATIONNAME = Treehouse;
				TargetAttributes = {
					38EBCEC92111129B0003F56F = {
						CreatedOnToolsVersion = 9.4.1;
					};
					38EBCEDD2111129F0003F56F = {
						CreatedOnToolsVersion = 9.4.1;
						TestTargetID = 38EBCEC92111129B0003F56F;
					};
				};
			};
			buildConfigurationList = 38EBCEC52111129B0003F56F /* Build configuration list for PBXProject "SpringAndStruts" */;
			compatibilityVersion = "Xcode 9.3";
			developmentRegion = en;
			hasScannedForEncodings = 0;
			knownRegions = (
				en,
				Base,
			);
			mainGroup = 38EBCEC12111129B0003F56F;
			productRefGroup = 38EBCECB2111129B0003F56F /* Products */;
			projectDirPath = "";
			projectRoot = "";
			targets = (
				38EBCEC92111129B0003F56F /* SpringAndStruts */,
				38EBCEDD2111129F0003F56F /* SpringAndStrutsTests */,
			);
		};
/* End PBXProject section */

/* Begin PBXResourcesBuildPhase section */
		38EBCEC82111129B0003F56F /* Resources */ = {
			isa = PBXResourcesBuildPhase;
			buildActionMask = 2147483647;
			files = (
				38EBCED82111129F0003F56F /* LaunchScreen.storyboard in Resources */,
				38EBCED52111129F0003F56F /* Assets.xcassets in Resources */,
				38EBCED32111129B0003F56F /* Main.storyboard in Resources */,
			);
			runOnlyForDeploymentPostprocessing = 0;
		};
		38EBCEDC2111129F0003F56F /* Resources */ = {
			isa = PBXResourcesBuildPhase;
			buildActionMask = 2147483647;
			files = (
			);
			runOnlyForDeploymentPostprocessing = 0;
		};
/* End PBXResourcesBuildPhase section */

/* Begin PBXSourcesBuildPhase section */
		38EBCEC62111129B0003F56F /* Sources */ = {
			isa = PBXSourcesBuildPhase;
			buildActionMask = 2147483647;
			files = (
				38EBCED02111129B0003F56F /* ViewController.swift in Sources */,
				38EBCECE2111129B0003F56F /* AppDelegate.swift in Sources */,
			);
			runOnlyForDeploymentPostprocessing = 0;
		};
		38EBCEDA2111129F0003F56F /* Sources */ = {
			isa = PBXSourcesBuildPhase;
			buildActionMask = 2147483647;
			files = (
				38EBCEE32111129F0003F56F /* SpringAndStrutsTests.swift in Sources */,
			);
			runOnlyForDeploymentPostprocessing = 0;
		};
/* End PBXSourcesBuildPhase section */

/* Begin PBXTargetDependency section */
		38EBCEE02111129F0003F56F /* PBXTargetDependency */ = {
			isa = PBXTargetDependency;
			target = 38EBCEC92111129B0003F56F /* SpringAndStruts */;
			targetProxy = 38EBCEDF2111129F0003F56F /* PBXContainerItemProxy */;
		};
/* End PBXTargetDependency section */

/* Begin PBXVariantGroup section */
		38EBCED12111129B0003F56F /* Main.storyboard */ = {
			isa = PBXVariantGroup;
			children = (
				38EBCED22111129B0003F56F /* Base */,
			);
			name = Main.storyboard;
			sourceTree = "<group>";
		};
		38EBCED62111129F0003F56F /* LaunchScreen.storyboard */ = {
			isa = PBXVariantGroup;
			children = (
				38EBCED72111129F0003F56F /* Base */,
			);
			name = LaunchScreen.storyboard;
			sourceTree = "<group>";
		};
/* End PBXVariantGroup section */

/* Begin XCBuildConfiguration section */
		38EBCEE52111129F0003F56F /* Debug */ = {
			isa = XCBuildConfiguration;
			buildSettings = {
				ALWAYS_SEARCH_USER_PATHS = NO;
				CLANG_ANALYZER_NONNULL = YES;
				CLANG_ANALYZER_NUMBER_OBJECT_CONVERSION = YES_AGGRESSIVE;
				CLANG_CXX_LANGUAGE_STANDARD = "gnu++14";
				CLANG_CXX_LIBRARY = "libc++";
				CLANG_ENABLE_MODULES = YES;
				CLANG_ENABLE_OBJC_ARC = YES;
				CLANG_ENABLE_OBJC_WEAK = YES;
				CLANG_WARN_BLOCK_CAPTURE_AUTORELEASING = YES;
				CLANG_WARN_BOOL_CONVERSION = YES;
				CLANG_WARN_COMMA = YES;
				CLANG_WARN_CONSTANT_CONVERSION = YES;
				CLANG_WARN_DEPRECATED_OBJC_IMPLEMENTATIONS = YES;
				CLANG_WARN_DIRECT_OBJC_ISA_USAGE = YES_ERROR;
				CLANG_WARN_DOCUMENTATION_COMMENTS = YES;
				CLANG_WARN_EMPTY_BODY = YES;
				CLANG_WARN_ENUM_CONVERSION = YES;
				CLANG_WARN_INFINITE_RECURSION = YES;
				CLANG_WARN_INT_CONVERSION = YES;
				CLANG_WARN_NON_LITERAL_NULL_CONVERSION = YES;
				CLANG_WARN_OBJC_IMPLICIT_RETAIN_SELF = YES;
				CLANG_WARN_OBJC_LITERAL_CONVERSION = YES;
				CLANG_WARN_OBJC_ROOT_CLASS = YES_ERROR;
				CLANG_WARN_RANGE_LOOP_ANALYSIS = YES;
				CLANG_WARN_STRICT_PROTOTYPES = YES;
				CLANG_WARN_SUSPICIOUS_MOVE = YES;
				CLANG_WARN_UNGUARDED_AVAILABILITY = YES_AGGRESSIVE;
				CLANG_WARN_UNREACHABLE_CODE = YES;
				CLANG_WARN__DUPLICATE_METHOD_MATCH = YES;
				CODE_SIGN_IDENTITY = "iPhone Developer";
				COPY_PHASE_STRIP = NO;
				DEBUG_INFORMATION_FORMAT = dwarf;
				ENABLE_STRICT_OBJC_MSGSEND = YES;
				ENABLE_TESTABILITY = YES;
				GCC_C_LANGUAGE_STANDARD = gnu11;
				GCC_DYNAMIC_NO_PIC = NO;
				GCC_NO_COMMON_BLOCKS = YES;
				GCC_OPTIMIZATION_LEVEL = 0;
				GCC_PREPROCESSOR_DEFINITIONS = (
					"DEBUG=1",
					"$(inherited)",
				);
				GCC_WARN_64_TO_32_BIT_CONVERSION = YES;
				GCC_WARN_ABOUT_RETURN_TYPE = YES_ERROR;
				GCC_WARN_UNDECLARED_SELECTOR = YES;
				GCC_WARN_UNINITIALIZED_AUTOS = YES_AGGRESSIVE;
				GCC_WARN_UNUSED_FUNCTION = YES;
				GCC_WARN_UNUSED_VARIABLE = YES;
				IPHONEOS_DEPLOYMENT_TARGET = 11.4;
				MTL_ENABLE_DEBUG_INFO = YES;
				ONLY_ACTIVE_ARCH = YES;
				SDKROOT = iphoneos;
				SWIFT_ACTIVE_COMPILATION_CONDITIONS = DEBUG;
				SWIFT_OPTIMIZATION_LEVEL = "-Onone";
			};
			name = Debug;
		};
		38EBCEE62111129F0003F56F /* Release */ = {
			isa = XCBuildConfiguration;
			buildSettings = {
				ALWAYS_SEARCH_USER_PATHS = NO;
				CLANG_ANALYZER_NONNULL = YES;
				CLANG_ANALYZER_NUMBER_OBJECT_CONVERSION = YES_AGGRESSIVE;
				CLANG_CXX_LANGUAGE_STANDARD = "gnu++14";
				CLANG_CXX_LIBRARY = "libc++";
				CLANG_ENABLE_MODULES = YES;
				CLANG_ENABLE_OBJC_ARC = YES;
				CLANG_ENABLE_OBJC_WEAK = YES;
				CLANG_WARN_BLOCK_CAPTURE_AUTORELEASING = YES;
				CLANG_WARN_BOOL_CONVERSION = YES;
				CLANG_WARN_COMMA = YES;
				CLANG_WARN_CONSTANT_CONVERSION = YES;
				CLANG_WARN_DEPRECATED_OBJC_IMPLEMENTATIONS = YES;
				CLANG_WARN_DIRECT_OBJC_ISA_USAGE = YES_ERROR;
				CLANG_WARN_DOCUMENTATION_COMMENTS = YES;
				CLANG_WARN_EMPTY_BODY = YES;
				CLANG_WARN_ENUM_CONVERSION = YES;
				CLANG_WARN_INFINITE_RECURSION = YES;
				CLANG_WARN_INT_CONVERSION = YES;
				CLANG_WARN_NON_LITERAL_NULL_CONVERSION = YES;
				CLANG_WARN_OBJC_IMPLICIT_RETAIN_SELF = YES;
				CLANG_WARN_OBJC_LITERAL_CONVERSION = YES;
				CLANG_WARN_OBJC_ROOT_CLASS = YES_ERROR;
				CLANG_WARN_RANGE_LOOP_ANALYSIS = YES;
				CLANG_WARN_STRICT_PROTOTYPES = YES;
				CLANG_WARN_SUSPICIOUS_MOVE = YES;
				CLANG_WARN_UNGUARDED_AVAILABILITY = YES_AGGRESSIVE;
				CLANG_WARN_UNREACHABLE_CODE = YES;
				CLANG_WARN__DUPLICATE_METHOD_MATCH = YES;
				CODE_SIGN_IDENTITY = "iPhone Developer";
				COPY_PHASE_STRIP = NO;
				DEBUG_INFORMATION_FORMAT = "dwarf-with-dsym";
				ENABLE_NS_ASSERTIONS = NO;
				ENABLE_STRICT_OBJC_MSGSEND = YES;
				GCC_C_LANGUAGE_STANDARD = gnu11;
				GCC_NO_COMMON_BLOCKS = YES;
				GCC_WARN_64_TO_32_BIT_CONVERSION = YES;
				GCC_WARN_ABOUT_RETURN_TYPE = YES_ERROR;
				GCC_WARN_UNDECLARED_SELECTOR = YES;
				GCC_WARN_UNINITIALIZED_AUTOS = YES_AGGRESSIVE;
				GCC_WARN_UNUSED_FUNCTION = YES;
				GCC_WARN_UNUSED_VARIABLE = YES;
				IPHONEOS_DEPLOYMENT_TARGET = 11.4;
				MTL_ENABLE_DEBUG_INFO = NO;
				SDKROOT = iphoneos;
				SWIFT_COMPILATION_MODE = wholemodule;
				SWIFT_OPTIMIZATION_LEVEL = "-O";
				VALIDATE_PRODUCT = YES;
			};
			name = Release;
		};
		38EBCEE82111129F0003F56F /* Debug */ = {
			isa = XCBuildConfiguration;
			buildSettings = {
				ASSETCATALOG_COMPILER_APPICON_NAME = AppIcon;
				CODE_SIGN_STYLE = Automatic;
				DEVELOPMENT_TEAM = S2V96BB45E;
				INFOPLIST_FILE = SpringAndStruts/Info.plist;
				LD_RUNPATH_SEARCH_PATHS = (
					"$(inherited)",
					"@executable_path/Frameworks",
				);
				PRODUCT_BUNDLE_IDENTIFIER = com.EricAndersen.SpringAndStruts;
				PRODUCT_NAME = "$(TARGET_NAME)";
				SWIFT_VERSION = 4.0;
				TARGETED_DEVICE_FAMILY = "1,2";
			};
			name = Debug;
		};
		38EBCEE92111129F0003F56F /* Release */ = {
			isa = XCBuildConfiguration;
			buildSettings = {
				ASSETCATALOG_COMPILER_APPICON_NAME = AppIcon;
				CODE_SIGN_STYLE = Automatic;
				DEVELOPMENT_TEAM = S2V96BB45E;
				INFOPLIST_FILE = SpringAndStruts/Info.plist;
				LD_RUNPATH_SEARCH_PATHS = (
					"$(inherited)",
					"@executable_path/Frameworks",
				);
				PRODUCT_BUNDLE_IDENTIFIER = com.EricAndersen.SpringAndStruts;
				PRODUCT_NAME = "$(TARGET_NAME)";
				SWIFT_VERSION = 4.0;
				TARGETED_DEVICE_FAMILY = "1,2";
			};
			name = Release;
		};
		38EBCEEB2111129F0003F56F /* Debug */ = {
			isa = XCBuildConfiguration;
			buildSettings = {
				ALWAYS_EMBED_SWIFT_STANDARD_LIBRARIES = YES;
				BUNDLE_LOADER = "$(TEST_HOST)";
				CODE_SIGN_STYLE = Automatic;
				DEVELOPMENT_TEAM = S2V96BB45E;
				INFOPLIST_FILE = SpringAndStrutsTests/Info.plist;
				LD_RUNPATH_SEARCH_PATHS = (
					"$(inherited)",
					"@executable_path/Frameworks",
					"@loader_path/Frameworks",
				);
				PRODUCT_BUNDLE_IDENTIFIER = com.EricAndersen.SpringAndStrutsTests;
				PRODUCT_NAME = "$(TARGET_NAME)";
				SWIFT_VERSION = 4.0;
				TARGETED_DEVICE_FAMILY = "1,2";
				TEST_HOST = "$(BUILT_PRODUCTS_DIR)/SpringAndStruts.app/SpringAndStruts";
			};
			name = Debug;
		};
		38EBCEEC2111129F0003F56F /* Release */ = {
			isa = XCBuildConfiguration;
			buildSettings = {
				ALWAYS_EMBED_SWIFT_STANDARD_LIBRARIES = YES;
				BUNDLE_LOADER = "$(TEST_HOST)";
				CODE_SIGN_STYLE = Automatic;
				DEVELOPMENT_TEAM = S2V96BB45E;
				INFOPLIST_FILE = SpringAndStrutsTests/Info.plist;
				LD_RUNPATH_SEARCH_PATHS = (
					"$(inherited)",
					"@executable_path/Frameworks",
					"@loader_path/Frameworks",
				);
				PRODUCT_BUNDLE_IDENTIFIER = com.EricAndersen.SpringAndStrutsTests;
				PRODUCT_NAME = "$(TARGET_NAME)";
				SWIFT_VERSION = 4.0;
				TARGETED_DEVICE_FAMILY = "1,2";
				TEST_HOST = "$(BUILT_PRODUCTS_DIR)/SpringAndStruts.app/SpringAndStruts";
			};
			name = Release;
		};
/* End XCBuildConfiguration section */

/* Begin XCConfigurationList section */
		38EBCEC52111129B0003F56F /* Build configuration list for PBXProject "SpringAndStruts" */ = {
			isa = XCConfigurationList;
			buildConfigurations = (
				38EBCEE52111129F0003F56F /* Debug */,
				38EBCEE62111129F0003F56F /* Release */,
			);
			defaultConfigurationIsVisible = 0;
			defaultConfigurationName = Release;
		};
		38EBCEE72111129F0003F56F /* Build configuration list for PBXNativeTarget "SpringAndStruts" */ = {
			isa = XCConfigurationList;
			buildConfigurations = (
				38EBCEE82111129F0003F56F /* Debug */,
				38EBCEE92111129F0003F56F /* Release */,
			);
			defaultConfigurationIsVisible = 0;
			defaultConfigurationName = Release;
		};
		38EBCEEA2111129F0003F56F /* Build configuration list for PBXNativeTarget "SpringAndStrutsTests" */ = {
			isa = XCConfigurationList;
			buildConfigurations = (
				38EBCEEB2111129F0003F56F /* Debug */,
				38EBCEEC2111129F0003F56F /* Release */,
			);
			defaultConfigurationIsVisible = 0;
			defaultConfigurationName = Release;
		};
/* End XCConfigurationList section */
	};
	rootObject = 38EBCEC22111129B0003F56F /* Project object */;
}
